
Microsoft Visual Studio Solution File, Format Version 12.00
# Visual Studio 14
VisualStudioVersion = 14.0.25123.0
MinimumVisualStudioVersion = 10.0.40219.1
Project("{D9415D92-A870-4549-9AE2-DBF28413FB56}") = "Sitecore.Support.315581", "Sitecore.Support.315581\Sitecore.Support.315581.csproj", "{A6DC9DB8-9397-45DC-BC13-B6B4BC9150AF}"
EndProject
Global
	GlobalSection(SolutionConfigurationPlatforms) = preSolution
		Debug|Any CPU = Debug|Any CPU
		Release|Any CPU = Release|Any CPU
	EndGlobalSection
	GlobalSection(ProjectConfigurationPlatforms) = postSolution
		{A6DC9DB8-9397-45DC-BC13-B6B4BC9150AF}.Debug|Any CPU.ActiveCfg = Debug|Any CPU
		{A6DC9DB8-9397-45DC-BC13-B6B4BC9150AF}.Debug|Any CPU.Build.0 = Debug|Any CPU
		{A6DC9DB8-9397-45DC-BC13-B6B4BC9150AF}.Release|Any CPU.ActiveCfg = Release|Any CPU
		{A6DC9DB8-9397-45DC-BC13-B6B4BC9150AF}.Release|Any CPU.Build.0 = Release|Any CPU
	EndGlobalSection
	GlobalSection(SolutionProperties) = preSolution
		HideSolutionNode = FALSE
	EndGlobalSection
EndGlobal
